
Microsoft Visual Studio Solution File, Format Version 12.00
# Visual Studio 15
VisualStudioVersion = 15.0.28307.1738
MinimumVisualStudioVersion = 10.0.40219.1
Project("{8BC9CEB8-8B4A-11D0-8D11-00A0C91BC942}") = "Contact_Dynamic", "Contact_Dynamic\Contact_Dynamic.vcxproj", "{4408A324-FBE9-4D4C-8FA7-085D75391BFC}"
EndProject
Global
	GlobalSection(SolutionConfigurationPlatforms) = preSolution
		Debug|x64 = Debug|x64
		Debug|x86 = Debug|x86
		Release|x64 = Release|x64
		Release|x86 = Release|x86
	EndGlobalSection
	GlobalSection(ProjectConfigurationPlatforms) = postSolution
		{4408A324-FBE9-4D4C-8FA7-085D75391BFC}.Debug|x64.ActiveCfg = Debug|x64
		{4408A324-FBE9-4D4C-8FA7-085D75391BFC}.Debug|x64.Build.0 = Debug|x64
		{4408A324-FBE9-4D4C-8FA7-085D75391BFC}.Debug|x86.ActiveCfg = Debug|Win32
		{4408A324-FBE9-4D4C-8FA7-085D75391BFC}.Debug|x86.Build.0 = Debug|Win32
		{4408A324-FBE9-4D4C-8FA7-085D75391BFC}.Release|x64.ActiveCfg = Release|x64
		{4408A324-FBE9-4D4C-8FA7-085D75391BFC}.Release|x64.Build.0 = Release|x64
		{4408A324-FBE9-4D4C-8FA7-085D75391BFC}.Release|x86.ActiveCfg = Release|Win32
		{4408A324-FBE9-4D4C-8FA7-085D75391BFC}.Release|x86.Build.0 = Release|Win32
	EndGlobalSection
	GlobalSection(SolutionProperties) = preSolution
		HideSolutionNode = FALSE
	EndGlobalSection
	GlobalSection(ExtensibilityGlobals) = postSolution
		SolutionGuid = {6127AC23-FC37-40E0-8BD8-944DE780362B}
	EndGlobalSection
EndGlobal
