
Microsoft Visual Studio Solution File, Format Version 12.00
# Visual Studio 15
VisualStudioVersion = 15.0.28307.1738
MinimumVisualStudioVersion = 10.0.40219.1
Project("{8BC9CEB8-8B4A-11D0-8D11-00A0C91BC942}") = "指针详解2", "指针详解2\指针详解2.vcxproj", "{7FA7E94C-FEDB-4C99-B129-30AEBED874B4}"
EndProject
Global
	GlobalSection(SolutionConfigurationPlatforms) = preSolution
		Debug|x64 = Debug|x64
		Debug|x86 = Debug|x86
		Release|x64 = Release|x64
		Release|x86 = Release|x86
	EndGlobalSection
	GlobalSection(ProjectConfigurationPlatforms) = postSolution
		{7FA7E94C-FEDB-4C99-B129-30AEBED874B4}.Debug|x64.ActiveCfg = Debug|x64
		{7FA7E94C-FEDB-4C99-B129-30AEBED874B4}.Debug|x64.Build.0 = Debug|x64
		{7FA7E94C-FEDB-4C99-B129-30AEBED874B4}.Debug|x86.ActiveCfg = Debug|Win32
		{7FA7E94C-FEDB-4C99-B129-30AEBED874B4}.Debug|x86.Build.0 = Debug|Win32
		{7FA7E94C-FEDB-4C99-B129-30AEBED874B4}.Release|x64.ActiveCfg = Release|x64
		{7FA7E94C-FEDB-4C99-B129-30AEBED874B4}.Release|x64.Build.0 = Release|x64
		{7FA7E94C-FEDB-4C99-B129-30AEBED874B4}.Release|x86.ActiveCfg = Release|Win32
		{7FA7E94C-FEDB-4C99-B129-30AEBED874B4}.Release|x86.Build.0 = Release|Win32
	EndGlobalSection
	GlobalSection(SolutionProperties) = preSolution
		HideSolutionNode = FALSE
	EndGlobalSection
	GlobalSection(ExtensibilityGlobals) = postSolution
		SolutionGuid = {262135B1-8CA3-49A8-83F3-C86A036484B6}
	EndGlobalSection
EndGlobal
